
Microsoft Visual Studio Solution File, Format Version 12.00
# Visual Studio Version 17
VisualStudioVersion = 17.14.36414.22
MinimumVisualStudioVersion = 10.0.40219.1
Project("{2150E333-8FDC-42A3-9474-1A3956D46DE8}") = "1.Enterprice Business Rules", "1.Enterprice Business Rules", "{02EA681E-C7D8-13C7-8484-4AC65E1B71E8}"
EndProject
Project("{2150E333-8FDC-42A3-9474-1A3956D46DE8}") = "2.Application Business Rules", "2.Application Business Rules", "{15C8D696-FC73-4353-BA1F-B940188EF2F2}"
EndProject
Project("{2150E333-8FDC-42A3-9474-1A3956D46DE8}") = "3.Interface Adapters", "3.Interface Adapters", "{5B79F2CC-9E0E-407F-ABF3-2CF2BD31D231}"
EndProject
Project("{2150E333-8FDC-42A3-9474-1A3956D46DE8}") = "4.Frameworks And Drivers", "4.Frameworks And Drivers", "{481CC162-FBD5-4B3D-852F-B11DCBF902D3}"
EndProject
Project("{FAE04EC0-301F-11D3-BF4B-00C04F79EFBC}") = "Northwind.Sales.Entities", "Northwind.Sales.Entities\Northwind.Sales.Entities.csproj", "{8E495ADA-7395-4C61-8F73-919BAF754827}"
EndProject
Project("{FAE04EC0-301F-11D3-BF4B-00C04F79EFBC}") = "NorthWind.Sales.Backend.BusinessObjects", "NorthWind.Sales.Backend.BusinessObjects\NorthWind.Sales.Backend.BusinessObjects.csproj", "{9DCCB5CD-DF0E-47DC-8A2F-CE68A4BA834C}"
EndProject
Project("{FAE04EC0-301F-11D3-BF4B-00C04F79EFBC}") = "NorthWind.Sales.Backend.UseCase", "NorthWind.Sales.Backend.UseCase\NorthWind.Sales.Backend.UseCase.csproj", "{BA490F1C-9F1B-4B42-87CA-C1FA121F759A}"
EndProject
Project("{2150E333-8FDC-42A3-9474-1A3956D46DE8}") = "Gateways", "Gateways", "{6070B706-3287-4B45-B2FC-2EAC09893D71}"
EndProject
Project("{2150E333-8FDC-42A3-9474-1A3956D46DE8}") = "Repositories", "Repositories", "{2C0283A5-A965-428E-A617-B9BCCBA3B41F}"
EndProject
Project("{FAE04EC0-301F-11D3-BF4B-00C04F79EFBC}") = "Northwind.Sales.Backend.Repositories", "Northwind.Sales.Backend.Repositories\Northwind.Sales.Backend.Repositories.csproj", "{886483E9-BD88-43AB-BBB8-809C8CBE9E72}"
EndProject
Project("{2150E333-8FDC-42A3-9474-1A3956D46DE8}") = "Presenters", "Presenters", "{0829FAEE-66AD-42E8-B900-DBE13F4C276A}"
EndProject
Project("{FAE04EC0-301F-11D3-BF4B-00C04F79EFBC}") = "NortWind.Sales.Backend.Presenters", "NortWind.Sales.Backend.Presenters\NortWind.Sales.Backend.Presenters.csproj", "{AEE63A41-FF04-494F-B005-CC130BE43713}"
EndProject
Project("{2150E333-8FDC-42A3-9474-1A3956D46DE8}") = "Controllers", "Controllers", "{E1607B77-2E1A-49CA-B393-C47E4C195136}"
EndProject
Project("{FAE04EC0-301F-11D3-BF4B-00C04F79EFBC}") = "NorthWind.Sales.Backend.Controllers", "NorthWind.Sales.Backend.Controllers\NorthWind.Sales.Backend.Controllers.csproj", "{8B8C9C63-2D6E-4978-921D-C918D346FF07}"
EndProject
Project("{2150E333-8FDC-42A3-9474-1A3956D46DE8}") = "Framewoks", "Framewoks", "{79DC3E57-3FFC-449C-81F5-BEC50D986307}"
EndProject
Project("{2150E333-8FDC-42A3-9474-1A3956D46DE8}") = "DataContexts", "DataContexts", "{E3837E28-015E-42F3-93CA-95E920313EC9}"
EndProject
Project("{FAE04EC0-301F-11D3-BF4B-00C04F79EFBC}") = "NorthWind.Sales.Backend.DataContext.EFCore", "NorthWind.Sales.Backend.DataContext.EFCore\NorthWind.Sales.Backend.DataContext.EFCore.csproj", "{2E869A49-9765-4DB4-BC65-62BF835E208B}"
EndProject
Project("{2150E333-8FDC-42A3-9474-1A3956D46DE8}") = "IoC", "IoC", "{0AA39DCA-BB56-4650-8A98-194867E16DCC}"
EndProject
Project("{FAE04EC0-301F-11D3-BF4B-00C04F79EFBC}") = "NorthWind.Sales.Bacakend.IoC", "NorthWind.Sales.Bacakend.IoC\NorthWind.Sales.Bacakend.IoC.csproj", "{08D37BF7-1ECD-48B9-AAA8-06550885A851}"
EndProject
Project("{2150E333-8FDC-42A3-9474-1A3956D46DE8}") = "UI", "UI", "{C35AF3A3-6ECB-43EE-BDB7-CA1108DCD547}"
EndProject
Project("{FAE04EC0-301F-11D3-BF4B-00C04F79EFBC}") = "NorthWind.Sales.WebApi", "NorthWind.Sales.WebApi\NorthWind.Sales.WebApi.csproj", "{2A7EEBE9-E431-4097-B402-1674999D3394}"
EndProject
Project("{FAE04EC0-301F-11D3-BF4B-00C04F79EFBC}") = "Nortwhind.Sales.Fronend.Business.Objects", "Nortwhind.Sales.Fronend.Business.Objects\Nortwhind.Sales.Fronend.Business.Objects.csproj", "{8D2856C7-8ED5-46C4-9A2C-1473EE83E174}"
EndProject
Project("{2150E333-8FDC-42A3-9474-1A3956D46DE8}") = "WebApiGateways", "WebApiGateways", "{8CC1D81A-B513-461F-9C12-328DEEEFF1C5}"
EndProject
Project("{FAE04EC0-301F-11D3-BF4B-00C04F79EFBC}") = "NorthWind.Sales.Fronend.Gateways", "NorthWind.Sales.Fronend.Gateways\NorthWind.Sales.Fronend.Gateways.csproj", "{F454FA99-E90B-4805-BC48-BD06D9D7C503}"
EndProject
Global
	GlobalSection(SolutionConfigurationPlatforms) = preSolution
		Debug|Any CPU = Debug|Any CPU
		Release|Any CPU = Release|Any CPU
	EndGlobalSection
	GlobalSection(ProjectConfigurationPlatforms) = postSolution
		{8E495ADA-7395-4C61-8F73-919BAF754827}.Debug|Any CPU.ActiveCfg = Debug|Any CPU
		{8E495ADA-7395-4C61-8F73-919BAF754827}.Debug|Any CPU.Build.0 = Debug|Any CPU
		{8E495ADA-7395-4C61-8F73-919BAF754827}.Release|Any CPU.ActiveCfg = Release|Any CPU
		{8E495ADA-7395-4C61-8F73-919BAF754827}.Release|Any CPU.Build.0 = Release|Any CPU
		{9DCCB5CD-DF0E-47DC-8A2F-CE68A4BA834C}.Debug|Any CPU.ActiveCfg = Debug|Any CPU
		{9DCCB5CD-DF0E-47DC-8A2F-CE68A4BA834C}.Debug|Any CPU.Build.0 = Debug|Any CPU
		{9DCCB5CD-DF0E-47DC-8A2F-CE68A4BA834C}.Release|Any CPU.ActiveCfg = Release|Any CPU
		{9DCCB5CD-DF0E-47DC-8A2F-CE68A4BA834C}.Release|Any CPU.Build.0 = Release|Any CPU
		{BA490F1C-9F1B-4B42-87CA-C1FA121F759A}.Debug|Any CPU.ActiveCfg = Debug|Any CPU
		{BA490F1C-9F1B-4B42-87CA-C1FA121F759A}.Debug|Any CPU.Build.0 = Debug|Any CPU
		{BA490F1C-9F1B-4B42-87CA-C1FA121F759A}.Release|Any CPU.ActiveCfg = Release|Any CPU
		{BA490F1C-9F1B-4B42-87CA-C1FA121F759A}.Release|Any CPU.Build.0 = Release|Any CPU
		{886483E9-BD88-43AB-BBB8-809C8CBE9E72}.Debug|Any CPU.ActiveCfg = Debug|Any CPU
		{886483E9-BD88-43AB-BBB8-809C8CBE9E72}.Debug|Any CPU.Build.0 = Debug|Any CPU
		{886483E9-BD88-43AB-BBB8-809C8CBE9E72}.Release|Any CPU.ActiveCfg = Release|Any CPU
		{886483E9-BD88-43AB-BBB8-809C8CBE9E72}.Release|Any CPU.Build.0 = Release|Any CPU
		{AEE63A41-FF04-494F-B005-CC130BE43713}.Debug|Any CPU.ActiveCfg = Debug|Any CPU
		{AEE63A41-FF04-494F-B005-CC130BE43713}.Debug|Any CPU.Build.0 = Debug|Any CPU
		{AEE63A41-FF04-494F-B005-CC130BE43713}.Release|Any CPU.ActiveCfg = Release|Any CPU
		{AEE63A41-FF04-494F-B005-CC130BE43713}.Release|Any CPU.Build.0 = Release|Any CPU
		{8B8C9C63-2D6E-4978-921D-C918D346FF07}.Debug|Any CPU.ActiveCfg = Debug|Any CPU
		{8B8C9C63-2D6E-4978-921D-C918D346FF07}.Debug|Any CPU.Build.0 = Debug|Any CPU
		{8B8C9C63-2D6E-4978-921D-C918D346FF07}.Release|Any CPU.ActiveCfg = Release|Any CPU
		{8B8C9C63-2D6E-4978-921D-C918D346FF07}.Release|Any CPU.Build.0 = Release|Any CPU
		{2E869A49-9765-4DB4-BC65-62BF835E208B}.Debug|Any CPU.ActiveCfg = Debug|Any CPU
		{2E869A49-9765-4DB4-BC65-62BF835E208B}.Debug|Any CPU.Build.0 = Debug|Any CPU
		{2E869A49-9765-4DB4-BC65-62BF835E208B}.Release|Any CPU.ActiveCfg = Release|Any CPU
		{2E869A49-9765-4DB4-BC65-62BF835E208B}.Release|Any CPU.Build.0 = Release|Any CPU
		{08D37BF7-1ECD-48B9-AAA8-06550885A851}.Debug|Any CPU.ActiveCfg = Debug|Any CPU
		{08D37BF7-1ECD-48B9-AAA8-06550885A851}.Debug|Any CPU.Build.0 = Debug|Any CPU
		{08D37BF7-1ECD-48B9-AAA8-06550885A851}.Release|Any CPU.ActiveCfg = Release|Any CPU
		{08D37BF7-1ECD-48B9-AAA8-06550885A851}.Release|Any CPU.Build.0 = Release|Any CPU
		{2A7EEBE9-E431-4097-B402-1674999D3394}.Debug|Any CPU.ActiveCfg = Debug|Any CPU
		{2A7EEBE9-E431-4097-B402-1674999D3394}.Debug|Any CPU.Build.0 = Debug|Any CPU
		{2A7EEBE9-E431-4097-B402-1674999D3394}.Release|Any CPU.ActiveCfg = Release|Any CPU
		{2A7EEBE9-E431-4097-B402-1674999D3394}.Release|Any CPU.Build.0 = Release|Any CPU
		{8D2856C7-8ED5-46C4-9A2C-1473EE83E174}.Debug|Any CPU.ActiveCfg = Debug|Any CPU
		{8D2856C7-8ED5-46C4-9A2C-1473EE83E174}.Debug|Any CPU.Build.0 = Debug|Any CPU
		{8D2856C7-8ED5-46C4-9A2C-1473EE83E174}.Release|Any CPU.ActiveCfg = Release|Any CPU
		{8D2856C7-8ED5-46C4-9A2C-1473EE83E174}.Release|Any CPU.Build.0 = Release|Any CPU
		{F454FA99-E90B-4805-BC48-BD06D9D7C503}.Debug|Any CPU.ActiveCfg = Debug|Any CPU
		{F454FA99-E90B-4805-BC48-BD06D9D7C503}.Debug|Any CPU.Build.0 = Debug|Any CPU
		{F454FA99-E90B-4805-BC48-BD06D9D7C503}.Release|Any CPU.ActiveCfg = Release|Any CPU
		{F454FA99-E90B-4805-BC48-BD06D9D7C503}.Release|Any CPU.Build.0 = Release|Any CPU
	EndGlobalSection
	GlobalSection(SolutionProperties) = preSolution
		HideSolutionNode = FALSE
	EndGlobalSection
	GlobalSection(NestedProjects) = preSolution
		{8E495ADA-7395-4C61-8F73-919BAF754827} = {02EA681E-C7D8-13C7-8484-4AC65E1B71E8}
		{9DCCB5CD-DF0E-47DC-8A2F-CE68A4BA834C} = {15C8D696-FC73-4353-BA1F-B940188EF2F2}
		{BA490F1C-9F1B-4B42-87CA-C1FA121F759A} = {15C8D696-FC73-4353-BA1F-B940188EF2F2}
		{6070B706-3287-4B45-B2FC-2EAC09893D71} = {5B79F2CC-9E0E-407F-ABF3-2CF2BD31D231}
		{2C0283A5-A965-428E-A617-B9BCCBA3B41F} = {6070B706-3287-4B45-B2FC-2EAC09893D71}
		{886483E9-BD88-43AB-BBB8-809C8CBE9E72} = {2C0283A5-A965-428E-A617-B9BCCBA3B41F}
		{0829FAEE-66AD-42E8-B900-DBE13F4C276A} = {5B79F2CC-9E0E-407F-ABF3-2CF2BD31D231}
		{AEE63A41-FF04-494F-B005-CC130BE43713} = {0829FAEE-66AD-42E8-B900-DBE13F4C276A}
		{E1607B77-2E1A-49CA-B393-C47E4C195136} = {5B79F2CC-9E0E-407F-ABF3-2CF2BD31D231}
		{8B8C9C63-2D6E-4978-921D-C918D346FF07} = {E1607B77-2E1A-49CA-B393-C47E4C195136}
		{79DC3E57-3FFC-449C-81F5-BEC50D986307} = {481CC162-FBD5-4B3D-852F-B11DCBF902D3}
		{E3837E28-015E-42F3-93CA-95E920313EC9} = {79DC3E57-3FFC-449C-81F5-BEC50D986307}
		{2E869A49-9765-4DB4-BC65-62BF835E208B} = {E3837E28-015E-42F3-93CA-95E920313EC9}
		{0AA39DCA-BB56-4650-8A98-194867E16DCC} = {481CC162-FBD5-4B3D-852F-B11DCBF902D3}
		{08D37BF7-1ECD-48B9-AAA8-06550885A851} = {0AA39DCA-BB56-4650-8A98-194867E16DCC}
		{C35AF3A3-6ECB-43EE-BDB7-CA1108DCD547} = {481CC162-FBD5-4B3D-852F-B11DCBF902D3}
		{2A7EEBE9-E431-4097-B402-1674999D3394} = {C35AF3A3-6ECB-43EE-BDB7-CA1108DCD547}
		{8D2856C7-8ED5-46C4-9A2C-1473EE83E174} = {15C8D696-FC73-4353-BA1F-B940188EF2F2}
		{8CC1D81A-B513-461F-9C12-328DEEEFF1C5} = {6070B706-3287-4B45-B2FC-2EAC09893D71}
		{F454FA99-E90B-4805-BC48-BD06D9D7C503} = {8CC1D81A-B513-461F-9C12-328DEEEFF1C5}
	EndGlobalSection
	GlobalSection(ExtensibilityGlobals) = postSolution
		SolutionGuid = {1BCA3208-DFDD-4481-A85E-D50535B7EA5E}
	EndGlobalSection
EndGlobal
